
Microsoft Visual Studio Solution File, Format Version 12.00
# Visual Studio Version 16
VisualStudioVersion = 16.0.30330.147
MinimumVisualStudioVersion = 10.0.40219.1
Project("{9A19103F-16F7-4668-BE54-9A1E7A4F7556}") = "MyNotes", "MyNotes.csproj", "{48BCADB8-F858-4F81-A12D-82E48EB347D5}"
EndProject
Global
	GlobalSection(SolutionConfigurationPlatforms) = preSolution
		Debug|Any CPU = Debug|Any CPU
		Release|Any CPU = Release|Any CPU
	EndGlobalSection
	GlobalSection(ProjectConfigurationPlatforms) = postSolution
		{48BCADB8-F858-4F81-A12D-82E48EB347D5}.Debug|Any CPU.ActiveCfg = Debug|Any CPU
		{48BCADB8-F858-4F81-A12D-82E48EB347D5}.Debug|Any CPU.Build.0 = Debug|Any CPU
		{48BCADB8-F858-4F81-A12D-82E48EB347D5}.Release|Any CPU.ActiveCfg = Release|Any CPU
		{48BCADB8-F858-4F81-A12D-82E48EB347D5}.Release|Any CPU.Build.0 = Release|Any CPU
	EndGlobalSection
	GlobalSection(SolutionProperties) = preSolution
		HideSolutionNode = FALSE
	EndGlobalSection
	GlobalSection(ExtensibilityGlobals) = postSolution
		SolutionGuid = {B249ECBF-6664-420A-9CF2-AB9722795EC4}
	EndGlobalSection
EndGlobal
